
Microsoft Visual Studio Solution File, Format Version 12.00
# Visual Studio Version 17
VisualStudioVersion = 17.14.36429.23
MinimumVisualStudioVersion = 10.0.40219.1
Project("{FAE04EC0-301F-11D3-BF4B-00C04F79EFBC}") = "yourOrder.Core", "yourOrder.core\yourOrder.Core.csproj", "{D800FBE8-00C5-4CA3-876C-EDB0DEB399A3}"
EndProject
Project("{FAE04EC0-301F-11D3-BF4B-00C04F79EFBC}") = "yourOrder.Infrastructure", "yourOrder.Infrastructure\yourOrder.Infrastructure.csproj", "{1C7BC375-51D2-4740-8FDA-673BC747BE06}"
EndProject
Project("{FAE04EC0-301F-11D3-BF4B-00C04F79EFBC}") = "yourOrder.APIs", "yourOrder.APIs\yourOrder.APIs.csproj", "{36D55BB2-33F8-4A3D-81E3-3630FD5D46D9}"
EndProject
Project("{FAE04EC0-301F-11D3-BF4B-00C04F79EFBC}") = "yourOrder.Services", "yourOrder.Services\yourOrder.Services.csproj", "{FC2482BB-1175-4093-B421-D4073683B1F8}"
EndProject
Global
	GlobalSection(SolutionConfigurationPlatforms) = preSolution
		Debug|Any CPU = Debug|Any CPU
		Release|Any CPU = Release|Any CPU
	EndGlobalSection
	GlobalSection(ProjectConfigurationPlatforms) = postSolution
		{D800FBE8-00C5-4CA3-876C-EDB0DEB399A3}.Debug|Any CPU.ActiveCfg = Debug|Any CPU
		{D800FBE8-00C5-4CA3-876C-EDB0DEB399A3}.Debug|Any CPU.Build.0 = Debug|Any CPU
		{D800FBE8-00C5-4CA3-876C-EDB0DEB399A3}.Release|Any CPU.ActiveCfg = Release|Any CPU
		{D800FBE8-00C5-4CA3-876C-EDB0DEB399A3}.Release|Any CPU.Build.0 = Release|Any CPU
		{1C7BC375-51D2-4740-8FDA-673BC747BE06}.Debug|Any CPU.ActiveCfg = Debug|Any CPU
		{1C7BC375-51D2-4740-8FDA-673BC747BE06}.Debug|Any CPU.Build.0 = Debug|Any CPU
		{1C7BC375-51D2-4740-8FDA-673BC747BE06}.Release|Any CPU.ActiveCfg = Release|Any CPU
		{1C7BC375-51D2-4740-8FDA-673BC747BE06}.Release|Any CPU.Build.0 = Release|Any CPU
		{36D55BB2-33F8-4A3D-81E3-3630FD5D46D9}.Debug|Any CPU.ActiveCfg = Debug|Any CPU
		{36D55BB2-33F8-4A3D-81E3-3630FD5D46D9}.Debug|Any CPU.Build.0 = Debug|Any CPU
		{36D55BB2-33F8-4A3D-81E3-3630FD5D46D9}.Release|Any CPU.ActiveCfg = Release|Any CPU
		{36D55BB2-33F8-4A3D-81E3-3630FD5D46D9}.Release|Any CPU.Build.0 = Release|Any CPU
		{FC2482BB-1175-4093-B421-D4073683B1F8}.Debug|Any CPU.ActiveCfg = Debug|Any CPU
		{FC2482BB-1175-4093-B421-D4073683B1F8}.Debug|Any CPU.Build.0 = Debug|Any CPU
		{FC2482BB-1175-4093-B421-D4073683B1F8}.Release|Any CPU.ActiveCfg = Release|Any CPU
		{FC2482BB-1175-4093-B421-D4073683B1F8}.Release|Any CPU.Build.0 = Release|Any CPU
	EndGlobalSection
	GlobalSection(SolutionProperties) = preSolution
		HideSolutionNode = FALSE
	EndGlobalSection
	GlobalSection(ExtensibilityGlobals) = postSolution
		SolutionGuid = {F1E74AFB-01D7-4737-A0AF-97174008B67E}
	EndGlobalSection
EndGlobal
